# THIS IS AN AUTOGENERATED FILE. DO NOT EDIT THIS FILE DIRECTLY.
# yarn lockfile v1


"@types/cron@1.2.1":
  version "1.2.1"
  resolved "https://registry.yarnpkg.com/@types/cron/-/cron-1.2.1.tgz#95c1e432d6106ca34c92f0743638bc786c073faa"

cron@1.3.0:
  version "1.3.0"
  resolved "https://registry.yarnpkg.com/cron/-/cron-1.3.0.tgz#7e459968eaf94e1a445be796ce402166c234659d"
  dependencies:
    moment-timezone "^0.5.x"

moment-timezone@^0.5.x:
  version "0.5.13"
  resolved "https://registry.yarnpkg.com/moment-timezone/-/moment-timezone-0.5.13.tgz#99ce5c7d827262eb0f1f702044177f60745d7b90"
  dependencies:
    moment ">= 2.9.0"

"moment@>= 2.9.0":
  version "2.18.1"
  resolved "https://registry.yarnpkg.com/moment/-/moment-2.18.1.tgz#c36193dd3ce1c2eed2adb7c802dbbc77a81b1c0f"
